// !$*UTF8*$!
{
	archiveVersion = 1;
	classes = {
	};
	objectVersion = 77;
	objects = {

/* Begin PBXContainerItemProxy section */
		9305EB982DC660AB00CB782B /* PBXContainerItemProxy */ = {
			isa = PBXContainerItemProxy;
			containerPortal = 9305EB812DC660A900CB782B /* Project object */;
			proxyType = 1;
			remoteGlobalIDString = 9305EB882DC660A900CB782B;
			remoteInfo = xfer;
		};
		9305EBA22DC660AB00CB782B /* PBXContainerItemProxy */ = {
			isa = PBXContainerItemProxy;
			containerPortal = 9305EB812DC660A900CB782B /* Project object */;
			proxyType = 1;
			remoteGlobalIDString = 9305EB882DC660A900CB782B;
			remoteInfo = xfer;
		};
/* End PBXContainerItemProxy section */

/* Begin PBXFileReference section */
		9305EB892DC660A900CB782B /* xfer.app */ = {isa = PBXFileReference; explicitFileType = wrapper.application; includeInIndex = 0; path = xfer.app; sourceTree = BUILT_PRODUCTS_DIR; };
		9305EB972DC660AB00CB782B /* xferTests.xctest */ = {isa = PBXFileReference; explicitFileType = wrapper.cfbundle; includeInIndex = 0; path = xferTests.xctest; sourceTree = BUILT_PRODUCTS_DIR; };
		9305EBA12DC660AB00CB782B /* xferUITests.xctest */ = {isa = PBXFileReference; explicitFileType = wrapper.cfbundle; includeInIndex = 0; path = xferUITests.xctest; sourceTree = BUILT_PRODUCTS_DIR; };
/* End PBXFileReference section */

/* Begin PBXFileSystemSynchronizedRootGroup section */
		9305EB8B2DC660A900CB782B /* xfer */ = {
			isa = PBXFileSystemSynchronizedRootGroup;
			path = xfer;
			sourceTree = "<group>";
		};
		9305EB9A2DC660AB00CB782B /* xferTests */ = {
			isa = PBXFileSystemSynchronizedRootGroup;
			path = xferTests;
			sourceTree = "<group>";
		};
		9305EBA42DC660AB00CB782B /* xferUITests */ = {
			isa = PBXFileSystemSynchronizedRootGroup;
			path = xferUITests;
			sourceTree = "<group>";
		};
/* End PBXFileSystemSynchronizedRootGroup section */

/* Begin PBXFrameworksBuildPhase section */
		9305EB862DC660A900CB782B /* Frameworks */ = {
			isa = PBXFrameworksBuildPhase;
			buildActionMask = 2147483647;
			files = (
			);
			runOnlyForDeploymentPostprocessing = 0;
		};
		9305EB942DC660AB00CB782B /* Frameworks */ = {
			isa = PBXFrameworksBuildPhase;
			buildActionMask = 2147483647;
			files = (
			);
			runOnlyForDeploymentPostprocessing = 0;
		};
		9305EB9E2DC660AB00CB782B /* Frameworks */ = {
			isa = PBXFrameworksBuildPhase;
			buildActionMask = 2147483647;
			files = (
			);
			runOnlyForDeploymentPostprocessing = 0;
		};
/* End PBXFrameworksBuildPhase section */

/* Begin PBXGroup section */
		9305EB802DC660A900CB782B = {
			isa = PBXGroup;
			children = (
				9305EB8B2DC660A900CB782B /* xfer */,
				9305EB9A2DC660AB00CB782B /* xferTests */,
				9305EBA42DC660AB00CB782B /* xferUITests */,
				9305EB8A2DC660A900CB782B /* Products */,
			);
			sourceTree = "<group>";
		};
		9305EB8A2DC660A900CB782B /* Products */ = {
			isa = PBXGroup;
			children = (
				9305EB892DC660A900CB782B /* xfer.app */,
				9305EB972DC660AB00CB782B /* xferTests.xctest */,
				9305EBA12DC660AB00CB782B /* xferUITests.xctest */,
			);
			name = Products;
			sourceTree = "<group>";
		};
/* End PBXGroup section */

/* Begin PBXNativeTarget section */
		9305EB882DC660A900CB782B /* xfer */ = {
			isa = PBXNativeTarget;
			buildConfigurationList = 9305EBAB2DC660AB00CB782B /* Build configuration list for PBXNativeTarget "xfer" */;
			buildPhases = (
				9305EB852DC660A900CB782B /* Sources */,
				9305EB862DC660A900CB782B /* Frameworks */,
				9305EB872DC660A900CB782B /* Resources */,
			);
			buildRules = (
			);
			dependencies = (
			);
			fileSystemSynchronizedGroups = (
				9305EB8B2DC660A900CB782B /* xfer */,
			);
			name = xfer;
			packageProductDependencies = (
			);
			productName = xfer;
			productReference = 9305EB892DC660A900CB782B /* xfer.app */;
			productType = "com.apple.product-type.application";
		};
		9305EB962DC660AB00CB782B /* xferTests */ = {
			isa = PBXNativeTarget;
			buildConfigurationList = 9305EBAE2DC660AB00CB782B /* Build configuration list for PBXNativeTarget "xferTests" */;
			buildPhases = (
				9305EB932DC660AB00CB782B /* Sources */,
				9305EB942DC660AB00CB782B /* Frameworks */,
				9305EB952DC660AB00CB782B /* Resources */,
			);
			buildRules = (
			);
			dependencies = (
				9305EB992DC660AB00CB782B /* PBXTargetDependency */,
			);
			fileSystemSynchronizedGroups = (
				9305EB9A2DC660AB00CB782B /* xferTests */,
			);
			name = xferTests;
			packageProductDependencies = (
			);
			productName = xferTests;
			productReference = 9305EB972DC660AB00CB782B /* xferTests.xctest */;
			productType = "com.apple.product-type.bundle.unit-test";
		};
		9305EBA02DC660AB00CB782B /* xferUITests */ = {
			isa = PBXNativeTarget;
			buildConfigurationList = 9305EBB12DC660AB00CB782B /* Build configuration list for PBXNativeTarget "xferUITests" */;
			buildPhases = (
				9305EB9D2DC660AB00CB782B /* Sources */,
				9305EB9E2DC660AB00CB782B /* Frameworks */,
				9305EB9F2DC660AB00CB782B /* Resources */,
			);
			buildRules = (
			);
			dependencies = (
				9305EBA32DC660AB00CB782B /* PBXTargetDependency */,
			);
			fileSystemSynchronizedGroups = (
				9305EBA42DC660AB00CB782B /* xferUITests */,
			);
			name = xferUITests;
			packageProductDependencies = (
			);
			productName = xferUITests;
			productReference = 9305EBA12DC660AB00CB782B /* xferUITests.xctest */;
			productType = "com.apple.product-type.bundle.ui-testing";
		};
/* End PBXNativeTarget section */

/* Begin PBXProject section */
		9305EB812DC660A900CB782B /* Project object */ = {
			isa = PBXProject;
			attributes = {
				BuildIndependentTargetsInParallel = 1;
				LastSwiftUpdateCheck = 1630;
				LastUpgradeCheck = 1630;
				TargetAttributes = {
					9305EB882DC660A900CB782B = {
						CreatedOnToolsVersion = 16.3;
					};
					9305EB962DC660AB00CB782B = {
						CreatedOnToolsVersion = 16.3;
						TestTargetID = 9305EB882DC660A900CB782B;
					};
					9305EBA02DC660AB00CB782B = {
						CreatedOnToolsVersion = 16.3;
						TestTargetID = 9305EB882DC660A900CB782B;
					};
				};
			};
			buildConfigurationList = 9305EB842DC660A900CB782B /* Build configuration list for PBXProject "xfer" */;
			developmentRegion = en;
			hasScannedForEncodings = 0;
			knownRegions = (
				en,
				Base,
			);
			mainGroup = 9305EB802DC660A900CB782B;
			minimizedProjectReferenceProxies = 1;
			preferredProjectObjectVersion = 77;
			productRefGroup = 9305EB8A2DC660A900CB782B /* Products */;
			projectDirPath = "";
			projectRoot = "";
			targets = (
				9305EB882DC660A900CB782B /* xfer */,
				9305EB962DC660AB00CB782B /* xferTests */,
				9305EBA02DC660AB00CB782B /* xferUITests */,
			);
		};
/* End PBXProject section */

/* Begin PBXResourcesBuildPhase section */
		9305EB872DC660A900CB782B /* Resources */ = {
			isa = PBXResourcesBuildPhase;
			buildActionMask = 2147483647;
			files = (
			);
			runOnlyForDeploymentPostprocessing = 0;
		};
		9305EB952DC660AB00CB782B /* Resources */ = {
			isa = PBXResourcesBuildPhase;
			buildActionMask = 2147483647;
			files = (
			);
			runOnlyForDeploymentPostprocessing = 0;
		};
		9305EB9F2DC660AB00CB782B /* Resources */ = {
			isa = PBXResourcesBuildPhase;
			buildActionMask = 2147483647;
			files = (
			);
			runOnlyForDeploymentPostprocessing = 0;
		};
/* End PBXResourcesBuildPhase section */

/* Begin PBXSourcesBuildPhase section */
		9305EB852DC660A900CB782B /* Sources */ = {
			isa = PBXSourcesBuildPhase;
			buildActionMask = 2147483647;
			files = (
			);
			runOnlyForDeploymentPostprocessing = 0;
		};
		9305EB932DC660AB00CB782B /* Sources */ = {
			isa = PBXSourcesBuildPhase;
			buildActionMask = 2147483647;
			files = (
			);
			runOnlyForDeploymentPostprocessing = 0;
		};
		9305EB9D2DC660AB00CB782B /* Sources */ = {
			isa = PBXSourcesBuildPhase;
			buildActionMask = 2147483647;
			files = (
			);
			runOnlyForDeploymentPostprocessing = 0;
		};
/* End PBXSourcesBuildPhase section */

/* Begin PBXTargetDependency section */
		9305EB992DC660AB00CB782B /* PBXTargetDependency */ = {
			isa = PBXTargetDependency;
			target = 9305EB882DC660A900CB782B /* xfer */;
			targetProxy = 9305EB982DC660AB00CB782B /* PBXContainerItemProxy */;
		};
		9305EBA32DC660AB00CB782B /* PBXTargetDependency */ = {
			isa = PBXTargetDependency;
			target = 9305EB882DC660A900CB782B /* xfer */;
			targetProxy = 9305EBA22DC660AB00CB782B /* PBXContainerItemProxy */;
		};
/* End PBXTargetDependency section */

/* Begin XCBuildConfiguration section */
		9305EBA92DC660AB00CB782B /* Debug */ = {
			isa = XCBuildConfiguration;
			buildSettings = {
				ALWAYS_SEARCH_USER_PATHS = NO;
				ASSETCATALOG_COMPILER_GENERATE_SWIFT_ASSET_SYMBOL_EXTENSIONS = YES;
				CLANG_ANALYZER_NONNULL = YES;
				CLANG_ANALYZER_NUMBER_OBJECT_CONVERSION = YES_AGGRESSIVE;
				CLANG_CXX_LANGUAGE_STANDARD = "gnu++20";
				CLANG_ENABLE_MODULES = YES;
				CLANG_ENABLE_OBJC_ARC = YES;
				CLANG_ENABLE_OBJC_WEAK = YES;
				CLANG_WARN_BLOCK_CAPTURE_AUTORELEASING = YES;
				CLANG_WARN_BOOL_CONVERSION = YES;
				CLANG_WARN_COMMA = YES;
				CLANG_WARN_CONSTANT_CONVERSION = YES;
				CLANG_WARN_DEPRECATED_OBJC_IMPLEMENTATIONS = YES;
				CLANG_WARN_DIRECT_OBJC_ISA_USAGE = YES_ERROR;
				CLANG_WARN_DOCUMENTATION_COMMENTS = YES;
				CLANG_WARN_EMPTY_BODY = YES;
				CLANG_WARN_ENUM_CONVERSION = YES;
				CLANG_WARN_INFINITE_RECURSION = YES;
				CLANG_WARN_INT_CONVERSION = YES;
				CLANG_WARN_NON_LITERAL_NULL_CONVERSION = YES;
				CLANG_WARN_OBJC_IMPLICIT_RETAIN_SELF = YES;
				CLANG_WARN_OBJC_LITERAL_CONVERSION = YES;
				CLANG_WARN_OBJC_ROOT_CLASS = YES_ERROR;
				CLANG_WARN_QUOTED_INCLUDE_IN_FRAMEWORK_HEADER = YES;
				CLANG_WARN_RANGE_LOOP_ANALYSIS = YES;
				CLANG_WARN_STRICT_PROTOTYPES = YES;
				CLANG_WARN_SUSPICIOUS_MOVE = YES;
				CLANG_WARN_UNGUARDED_AVAILABILITY = YES_AGGRESSIVE;
				CLANG_WARN_UNREACHABLE_CODE = YES;
				CLANG_WARN__DUPLICATE_METHOD_MATCH = YES;
				COPY_PHASE_STRIP = NO;
				DEBUG_INFORMATION_FORMAT = dwarf;
				ENABLE_STRICT_OBJC_MSGSEND = YES;
				ENABLE_TESTABILITY = YES;
				ENABLE_USER_SCRIPT_SANDBOXING = YES;
				GCC_C_LANGUAGE_STANDARD = gnu17;
				GCC_DYNAMIC_NO_PIC = NO;
				GCC_NO_COMMON_BLOCKS = YES;
				GCC_OPTIMIZATION_LEVEL = 0;
				GCC_PREPROCESSOR_DEFINITIONS = (
					"DEBUG=1",
					"$(inherited)",
				);
				GCC_WARN_64_TO_32_BIT_CONVERSION = YES;
				GCC_WARN_ABOUT_RETURN_TYPE = YES_ERROR;
				GCC_WARN_UNDECLARED_SELECTOR = YES;
				GCC_WARN_UNINITIALIZED_AUTOS = YES_AGGRESSIVE;
				GCC_WARN_UNUSED_FUNCTION = YES;
				GCC_WARN_UNUSED_VARIABLE = YES;
				LOCALIZATION_PREFERS_STRING_CATALOGS = YES;
				MACOSX_DEPLOYMENT_TARGET = 15.4;
				MTL_ENABLE_DEBUG_INFO = INCLUDE_SOURCE;
				MTL_FAST_MATH = YES;
				ONLY_ACTIVE_ARCH = YES;
				SDKROOT = macosx;
				SWIFT_ACTIVE_COMPILATION_CONDITIONS = "DEBUG $(inherited)";
				SWIFT_OPTIMIZATION_LEVEL = "-Onone";
			};
			name = Debug;
		};
		9305EBAA2DC660AB00CB782B /* Release */ = {
			isa = XCBuildConfiguration;
			buildSettings = {
				ALWAYS_SEARCH_USER_PATHS = NO;
				ASSETCATALOG_COMPILER_GENERATE_SWIFT_ASSET_SYMBOL_EXTENSIONS = YES;
				CLANG_ANALYZER_NONNULL = YES;
				CLANG_ANALYZER_NUMBER_OBJECT_CONVERSION = YES_AGGRESSIVE;
				CLANG_CXX_LANGUAGE_STANDARD = "gnu++20";
				CLANG_ENABLE_MODULES = YES;
				CLANG_ENABLE_OBJC_ARC = YES;
				CLANG_ENABLE_OBJC_WEAK = YES;
				CLANG_WARN_BLOCK_CAPTURE_AUTORELEASING = YES;
				CLANG_WARN_BOOL_CONVERSION = YES;
				CLANG_WARN_COMMA = YES;
				CLANG_WARN_CONSTANT_CONVERSION = YES;
				CLANG_WARN_DEPRECATED_OBJC_IMPLEMENTATIONS = YES;
				CLANG_WARN_DIRECT_OBJC_ISA_USAGE = YES_ERROR;
				CLANG_WARN_DOCUMENTATION_COMMENTS = YES;
				CLANG_WARN_EMPTY_BODY = YES;
				CLANG_WARN_ENUM_CONVERSION = YES;
				CLANG_WARN_INFINITE_RECURSION = YES;
				CLANG_WARN_INT_CONVERSION = YES;
				CLANG_WARN_NON_LITERAL_NULL_CONVERSION = YES;
				CLANG_WARN_OBJC_IMPLICIT_RETAIN_SELF = YES;
				CLANG_WARN_OBJC_LITERAL_CONVERSION = YES;
				CLANG_WARN_OBJC_ROOT_CLASS = YES_ERROR;
				CLANG_WARN_QUOTED_INCLUDE_IN_FRAMEWORK_HEADER = YES;
				CLANG_WARN_RANGE_LOOP_ANALYSIS = YES;
				CLANG_WARN_STRICT_PROTOTYPES = YES;
				CLANG_WARN_SUSPICIOUS_MOVE = YES;
				CLANG_WARN_UNGUARDED_AVAILABILITY = YES_AGGRESSIVE;
				CLANG_WARN_UNREACHABLE_CODE = YES;
				CLANG_WARN__DUPLICATE_METHOD_MATCH = YES;
				COPY_PHASE_STRIP = NO;
				DEBUG_INFORMATION_FORMAT = "dwarf-with-dsym";
				ENABLE_NS_ASSERTIONS = NO;
				ENABLE_STRICT_OBJC_MSGSEND = YES;
				ENABLE_USER_SCRIPT_SANDBOXING = YES;
				GCC_C_LANGUAGE_STANDARD = gnu17;
				GCC_NO_COMMON_BLOCKS = YES;
				GCC_WARN_64_TO_32_BIT_CONVERSION = YES;
				GCC_WARN_ABOUT_RETURN_TYPE = YES_ERROR;
				GCC_WARN_UNDECLARED_SELECTOR = YES;
				GCC_WARN_UNINITIALIZED_AUTOS = YES_AGGRESSIVE;
				GCC_WARN_UNUSED_FUNCTION = YES;
				GCC_WARN_UNUSED_VARIABLE = YES;
				LOCALIZATION_PREFERS_STRING_CATALOGS = YES;
				MACOSX_DEPLOYMENT_TARGET = 15.4;
				MTL_ENABLE_DEBUG_INFO = NO;
				MTL_FAST_MATH = YES;
				SDKROOT = macosx;
				SWIFT_COMPILATION_MODE = wholemodule;
			};
			name = Release;
		};
		9305EBAC2DC660AB00CB782B /* Debug */ = {
			isa = XCBuildConfiguration;
			buildSettings = {
				ASSETCATALOG_COMPILER_APPICON_NAME = AppIcon;
				ASSETCATALOG_COMPILER_GLOBAL_ACCENT_COLOR_NAME = AccentColor;
				CODE_SIGN_ENTITLEMENTS = xfer/xfer.entitlements;
				"CODE_SIGN_IDENTITY[sdk=macosx*]" = "-";
				CODE_SIGN_STYLE = Automatic;
				COMBINE_HIDPI_IMAGES = YES;
				CURRENT_PROJECT_VERSION = 1;
				ENABLE_PREVIEWS = YES;
				GENERATE_INFOPLIST_FILE = YES;
				INFOPLIST_KEY_NSHumanReadableCopyright = "";
				LD_RUNPATH_SEARCH_PATHS = (
					"$(inherited)",
					"@executable_path/../Frameworks",
				);
				MARKETING_VERSION = 1.0;
				PRODUCT_BUNDLE_IDENTIFIER = ryspark.xfer;
				PRODUCT_NAME = "$(TARGET_NAME)";
				REGISTER_APP_GROUPS = YES;
				SWIFT_EMIT_LOC_STRINGS = YES;
				SWIFT_VERSION = 5.0;
			};
			name = Debug;
		};
		9305EBAD2DC660AB00CB782B /* Release */ = {
			isa = XCBuildConfiguration;
			buildSettings = {
				ASSETCATALOG_COMPILER_APPICON_NAME = AppIcon;
				ASSETCATALOG_COMPILER_GLOBAL_ACCENT_COLOR_NAME = AccentColor;
				CODE_SIGN_ENTITLEMENTS = xfer/xfer.entitlements;
				"CODE_SIGN_IDENTITY[sdk=macosx*]" = "-";
				CODE_SIGN_STYLE = Automatic;
				COMBINE_HIDPI_IMAGES = YES;
				CURRENT_PROJECT_VERSION = 1;
				ENABLE_PREVIEWS = YES;
				GENERATE_INFOPLIST_FILE = YES;
				INFOPLIST_KEY_NSHumanReadableCopyright = "";
				LD_RUNPATH_SEARCH_PATHS = (
					"$(inherited)",
					"@executable_path/../Frameworks",
				);
				MARKETING_VERSION = 1.0;
				PRODUCT_BUNDLE_IDENTIFIER = ryspark.xfer;
				PRODUCT_NAME = "$(TARGET_NAME)";
				REGISTER_APP_GROUPS = YES;
				SWIFT_EMIT_LOC_STRINGS = YES;
				SWIFT_VERSION = 5.0;
			};
			name = Release;
		};
		9305EBAF2DC660AB00CB782B /* Debug */ = {
			isa = XCBuildConfiguration;
			buildSettings = {
				BUNDLE_LOADER = "$(TEST_HOST)";
				CODE_SIGN_STYLE = Automatic;
				CURRENT_PROJECT_VERSION = 1;
				GENERATE_INFOPLIST_FILE = YES;
				MACOSX_DEPLOYMENT_TARGET = 15.4;
				MARKETING_VERSION = 1.0;
				PRODUCT_BUNDLE_IDENTIFIER = ryspark.xferTests;
				PRODUCT_NAME = "$(TARGET_NAME)";
				SWIFT_EMIT_LOC_STRINGS = NO;
				SWIFT_VERSION = 5.0;
				TEST_HOST = "$(BUILT_PRODUCTS_DIR)/xfer.app/$(BUNDLE_EXECUTABLE_FOLDER_PATH)/xfer";
			};
			name = Debug;
		};
		9305EBB02DC660AB00CB782B /* Release */ = {
			isa = XCBuildConfiguration;
			buildSettings = {
				BUNDLE_LOADER = "$(TEST_HOST)";
				CODE_SIGN_STYLE = Automatic;
				CURRENT_PROJECT_VERSION = 1;
				GENERATE_INFOPLIST_FILE = YES;
				MACOSX_DEPLOYMENT_TARGET = 15.4;
				MARKETING_VERSION = 1.0;
				PRODUCT_BUNDLE_IDENTIFIER = ryspark.xferTests;
				PRODUCT_NAME = "$(TARGET_NAME)";
				SWIFT_EMIT_LOC_STRINGS = NO;
				SWIFT_VERSION = 5.0;
				TEST_HOST = "$(BUILT_PRODUCTS_DIR)/xfer.app/$(BUNDLE_EXECUTABLE_FOLDER_PATH)/xfer";
			};
			name = Release;
		};
		9305EBB22DC660AB00CB782B /* Debug */ = {
			isa = XCBuildConfiguration;
			buildSettings = {
				CODE_SIGN_STYLE = Automatic;
				CURRENT_PROJECT_VERSION = 1;
				GENERATE_INFOPLIST_FILE = YES;
				MARKETING_VERSION = 1.0;
				PRODUCT_BUNDLE_IDENTIFIER = ryspark.xferUITests;
				PRODUCT_NAME = "$(TARGET_NAME)";
				SWIFT_EMIT_LOC_STRINGS = NO;
				SWIFT_VERSION = 5.0;
				TEST_TARGET_NAME = xfer;
			};
			name = Debug;
		};
		9305EBB32DC660AB00CB782B /* Release */ = {
			isa = XCBuildConfiguration;
			buildSettings = {
				CODE_SIGN_STYLE = Automatic;
				CURRENT_PROJECT_VERSION = 1;
				GENERATE_INFOPLIST_FILE = YES;
				MARKETING_VERSION = 1.0;
				PRODUCT_BUNDLE_IDENTIFIER = ryspark.xferUITests;
				PRODUCT_NAME = "$(TARGET_NAME)";
				SWIFT_EMIT_LOC_STRINGS = NO;
				SWIFT_VERSION = 5.0;
				TEST_TARGET_NAME = xfer;
			};
			name = Release;
		};
/* End XCBuildConfiguration section */

/* Begin XCConfigurationList section */
		9305EB842DC660A900CB782B /* Build configuration list for PBXProject "xfer" */ = {
			isa = XCConfigurationList;
			buildConfigurations = (
				9305EBA92DC660AB00CB782B /* Debug */,
				9305EBAA2DC660AB00CB782B /* Release */,
			);
			defaultConfigurationIsVisible = 0;
			defaultConfigurationName = Release;
		};
		9305EBAB2DC660AB00CB782B /* Build configuration list for PBXNativeTarget "xfer" */ = {
			isa = XCConfigurationList;
			buildConfigurations = (
				9305EBAC2DC660AB00CB782B /* Debug */,
				9305EBAD2DC660AB00CB782B /* Release */,
			);
			defaultConfigurationIsVisible = 0;
			defaultConfigurationName = Release;
		};
		9305EBAE2DC660AB00CB782B /* Build configuration list for PBXNativeTarget "xferTests" */ = {
			isa = XCConfigurationList;
			buildConfigurations = (
				9305EBAF2DC660AB00CB782B /* Debug */,
				9305EBB02DC660AB00CB782B /* Release */,
			);
			defaultConfigurationIsVisible = 0;
			defaultConfigurationName = Release;
		};
		9305EBB12DC660AB00CB782B /* Build configuration list for PBXNativeTarget "xferUITests" */ = {
			isa = XCConfigurationList;
			buildConfigurations = (
				9305EBB22DC660AB00CB782B /* Debug */,
				9305EBB32DC660AB00CB782B /* Release */,
			);
			defaultConfigurationIsVisible = 0;
			defaultConfigurationName = Release;
		};
/* End XCConfigurationList section */
	};
	rootObject = 9305EB812DC660A900CB782B /* Project object */;
}
